
Microsoft Visual Studio Solution File, Format Version 12.00
# Visual Studio Version 17
VisualStudioVersion = 17.10.35013.160
MinimumVisualStudioVersion = 10.0.40219.1
Project("{9A19103F-16F7-4668-BE54-9A1E7A4F7556}") = "BookApp", "BookApp.csproj", "{82ECBACF-A946-4A16-B14A-E78390D34A9E}"
EndProject
Global
	GlobalSection(SolutionConfigurationPlatforms) = preSolution
		Debug|Any CPU = Debug|Any CPU
		Release|Any CPU = Release|Any CPU
	EndGlobalSection
	GlobalSection(ProjectConfigurationPlatforms) = postSolution
		{82ECBACF-A946-4A16-B14A-E78390D34A9E}.Debug|Any CPU.ActiveCfg = Debug|Any CPU
		{82ECBACF-A946-4A16-B14A-E78390D34A9E}.Debug|Any CPU.Build.0 = Debug|Any CPU
		{82ECBACF-A946-4A16-B14A-E78390D34A9E}.Release|Any CPU.ActiveCfg = Release|Any CPU
		{82ECBACF-A946-4A16-B14A-E78390D34A9E}.Release|Any CPU.Build.0 = Release|Any CPU
	EndGlobalSection
	GlobalSection(SolutionProperties) = preSolution
		HideSolutionNode = FALSE
	EndGlobalSection
	GlobalSection(ExtensibilityGlobals) = postSolution
		SolutionGuid = {28247514-2C71-4802-B841-325240FF19E0}
	EndGlobalSection
EndGlobal
